
Microsoft Visual Studio Solution File, Format Version 12.00
# Visual Studio Version 16
VisualStudioVersion = 16.0.30907.101
MinimumVisualStudioVersion = 10.0.40219.1
Project("{FAE04EC0-301F-11D3-BF4B-00C04F79EFBC}") = "App4", "App4\App4.csproj", "{A51A78A3-8D97-482C-A840-935A6F51556E}"
EndProject
Global
	GlobalSection(SolutionConfigurationPlatforms) = preSolution
		Debug|Any CPU = Debug|Any CPU
		Release|Any CPU = Release|Any CPU
	EndGlobalSection
	GlobalSection(ProjectConfigurationPlatforms) = postSolution
		{A51A78A3-8D97-482C-A840-935A6F51556E}.Debug|Any CPU.ActiveCfg = Debug|Any CPU
		{A51A78A3-8D97-482C-A840-935A6F51556E}.Debug|Any CPU.Build.0 = Debug|Any CPU
		{A51A78A3-8D97-482C-A840-935A6F51556E}.Debug|Any CPU.Deploy.0 = Debug|Any CPU
		{A51A78A3-8D97-482C-A840-935A6F51556E}.Release|Any CPU.ActiveCfg = Release|Any CPU
		{A51A78A3-8D97-482C-A840-935A6F51556E}.Release|Any CPU.Build.0 = Release|Any CPU
		{A51A78A3-8D97-482C-A840-935A6F51556E}.Release|Any CPU.Deploy.0 = Release|Any CPU
	EndGlobalSection
	GlobalSection(SolutionProperties) = preSolution
		HideSolutionNode = FALSE
	EndGlobalSection
	GlobalSection(ExtensibilityGlobals) = postSolution
		SolutionGuid = {B67DC049-B35B-41E9-B9D1-9FDF0A189EC0}
	EndGlobalSection
EndGlobal
